// !$*UTF8*$!
{
	archiveVersion = 1;
	classes = {
	};
	objectVersion = 46;
	objects = {

/* Begin PBXBuildFile section */
		0253B61614B6A2C90075DFCA /* PowderFavoritesEditViewController.m in Sources */ = {isa = PBXBuildFile; fileRef = 0253B61514B6A2C90075DFCA /* PowderFavoritesEditViewController.m */; };
		0253B62314B6A9D20075DFCA /* Favorite.m in Sources */ = {isa = PBXBuildFile; fileRef = 0253B62214B6A9D20075DFCA /* Favorite.m */; };
		0253B62814B6AADF0075DFCA /* PowderMainViewController.m in Sources */ = {isa = PBXBuildFile; fileRef = 0253B62514B6AADF0075DFCA /* PowderMainViewController.m */; };
		0253B62914B6AADF0075DFCA /* PowderResortsViewController.m in Sources */ = {isa = PBXBuildFile; fileRef = 0253B62714B6AADF0075DFCA /* PowderResortsViewController.m */; };
		0253B62C14B6AAF70075DFCA /* main.m in Sources */ = {isa = PBXBuildFile; fileRef = 0253B62A14B6AAF70075DFCA /* main.m */; };
		0253B62F14B6AB020075DFCA /* PowderAppDelegate.m in Sources */ = {isa = PBXBuildFile; fileRef = 0253B62E14B6AB020075DFCA /* PowderAppDelegate.m */; };
		0253B63314B6AB330075DFCA /* favorites.json in Resources */ = {isa = PBXBuildFile; fileRef = 0253B63114B6AB330075DFCA /* favorites.json */; };
		0253B63414B6AB330075DFCA /* resorts.json in Resources */ = {isa = PBXBuildFile; fileRef = 0253B63214B6AB330075DFCA /* resorts.json */; };
		026632F514A403050069657C /* UIKit.framework in Frameworks */ = {isa = PBXBuildFile; fileRef = 026632F414A403050069657C /* UIKit.framework */; };
		026632F714A403050069657C /* Foundation.framework in Frameworks */ = {isa = PBXBuildFile; fileRef = 026632F614A403050069657C /* Foundation.framework */; };
		026632F914A403050069657C /* CoreGraphics.framework in Frameworks */ = {isa = PBXBuildFile; fileRef = 026632F814A403050069657C /* CoreGraphics.framework */; };
		026632FF14A403050069657C /* InfoPlist.strings in Resources */ = {isa = PBXBuildFile; fileRef = 026632FD14A403050069657C /* InfoPlist.strings */; };
		0266330814A403050069657C /* MainStoryboard_iPhone.storyboard in Resources */ = {isa = PBXBuildFile; fileRef = 0266330614A403050069657C /* MainStoryboard_iPhone.storyboard */; };
		0266330B14A403050069657C /* MainStoryboard_iPad.storyboard in Resources */ = {isa = PBXBuildFile; fileRef = 0266330914A403050069657C /* MainStoryboard_iPad.storyboard */; };
		027DE89F14AA61C80070F022 /* FavoriteResortTableViewCell.m in Sources */ = {isa = PBXBuildFile; fileRef = 027DE89E14AA61C80070F022 /* FavoriteResortTableViewCell.m */; };
		029071F814B2450F00549D55 /* PowderAPI.m in Sources */ = {isa = PBXBuildFile; fileRef = 029071F714B2450F00549D55 /* PowderAPI.m */; };
		02C2AAA914C3F6AF00242F9E /* StretchingStatusView.m in Sources */ = {isa = PBXBuildFile; fileRef = 02C2AAA814C3F6AF00242F9E /* StretchingStatusView.m */; };
		02C2AAAD14C3FDC500242F9E /* ResortConditionsView.m in Sources */ = {isa = PBXBuildFile; fileRef = 02C2AAAC14C3FDC500242F9E /* ResortConditionsView.m */; };
		02DA3AC614ABB7DF00C49DB9 /* Resort.m in Sources */ = {isa = PBXBuildFile; fileRef = 02DA3AC514ABB7DF00C49DB9 /* Resort.m */; };
		02EF16E714C2789400A68E5F /* black-bubble@2x.png in Resources */ = {isa = PBXBuildFile; fileRef = 02EF16E314C2789400A68E5F /* black-bubble@2x.png */; };
		02EF16E814C2789400A68E5F /* green-bubble@2x.png in Resources */ = {isa = PBXBuildFile; fileRef = 02EF16E414C2789400A68E5F /* green-bubble@2x.png */; };
		02EF16E914C2789400A68E5F /* orange-bubble@2x.png in Resources */ = {isa = PBXBuildFile; fileRef = 02EF16E514C2789400A68E5F /* orange-bubble@2x.png */; };
		02EF16EA14C2789400A68E5F /* subtle-gradient@2x.png in Resources */ = {isa = PBXBuildFile; fileRef = 02EF16E614C2789400A68E5F /* subtle-gradient@2x.png */; };
		02EF16EE14C2831200A68E5F /* ResortOpenClosedView.m in Sources */ = {isa = PBXBuildFile; fileRef = 02EF16ED14C2831200A68E5F /* ResortOpenClosedView.m */; };
		02F91F6C14C0F82900FF3059 /* NSObject+SBJson.m in Sources */ = {isa = PBXBuildFile; fileRef = 02F91F5414C0F82900FF3059 /* NSObject+SBJson.m */; };
		02F91F6D14C0F82900FF3059 /* SBJsonParser.m in Sources */ = {isa = PBXBuildFile; fileRef = 02F91F5714C0F82900FF3059 /* SBJsonParser.m */; };
		02F91F6E14C0F82900FF3059 /* SBJsonStreamParser.m in Sources */ = {isa = PBXBuildFile; fileRef = 02F91F5914C0F82900FF3059 /* SBJsonStreamParser.m */; };
		02F91F6F14C0F82900FF3059 /* SBJsonStreamParserAccumulator.m in Sources */ = {isa = PBXBuildFile; fileRef = 02F91F5B14C0F82900FF3059 /* SBJsonStreamParserAccumulator.m */; };
		02F91F7014C0F82900FF3059 /* SBJsonStreamParserAdapter.m in Sources */ = {isa = PBXBuildFile; fileRef = 02F91F5D14C0F82900FF3059 /* SBJsonStreamParserAdapter.m */; };
		02F91F7114C0F82900FF3059 /* SBJsonStreamParserState.m in Sources */ = {isa = PBXBuildFile; fileRef = 02F91F5F14C0F82900FF3059 /* SBJsonStreamParserState.m */; };
		02F91F7214C0F82900FF3059 /* SBJsonStreamWriter.m in Sources */ = {isa = PBXBuildFile; fileRef = 02F91F6114C0F82900FF3059 /* SBJsonStreamWriter.m */; };
		02F91F7314C0F82900FF3059 /* SBJsonStreamWriterAccumulator.m in Sources */ = {isa = PBXBuildFile; fileRef = 02F91F6314C0F82900FF3059 /* SBJsonStreamWriterAccumulator.m */; };
		02F91F7414C0F82900FF3059 /* SBJsonStreamWriterState.m in Sources */ = {isa = PBXBuildFile; fileRef = 02F91F6514C0F82900FF3059 /* SBJsonStreamWriterState.m */; };
		02F91F7514C0F82900FF3059 /* SBJsonTokeniser.m in Sources */ = {isa = PBXBuildFile; fileRef = 02F91F6714C0F82900FF3059 /* SBJsonTokeniser.m */; };
		02F91F7614C0F82900FF3059 /* SBJsonUTF8Stream.m in Sources */ = {isa = PBXBuildFile; fileRef = 02F91F6914C0F82900FF3059 /* SBJsonUTF8Stream.m */; };
		02F91F7714C0F82900FF3059 /* SBJsonWriter.m in Sources */ = {isa = PBXBuildFile; fileRef = 02F91F6B14C0F82900FF3059 /* SBJsonWriter.m */; };
		02F91F8F14C10EE400FF3059 /* subtle-gradient.png in Resources */ = {isa = PBXBuildFile; fileRef = 02F91F8B14C10EE400FF3059 /* subtle-gradient.png */; };
		02F91F9014C10EE400FF3059 /* orange-bubble.png in Resources */ = {isa = PBXBuildFile; fileRef = 02F91F8C14C10EE400FF3059 /* orange-bubble.png */; };
		02F91F9114C10EE400FF3059 /* green-bubble.png in Resources */ = {isa = PBXBuildFile; fileRef = 02F91F8D14C10EE400FF3059 /* green-bubble.png */; };
		02F91F9214C10EE400FF3059 /* black-bubble.png in Resources */ = {isa = PBXBuildFile; fileRef = 02F91F8E14C10EE400FF3059 /* black-bubble.png */; };
/* End PBXBuildFile section */

/* Begin PBXFileReference section */
		0253B61414B6A2C90075DFCA /* PowderFavoritesEditViewController.h */ = {isa = PBXFileReference; fileEncoding = 4; lastKnownFileType = sourcecode.c.h; name = PowderFavoritesEditViewController.h; path = Code/PowderFavoritesEditViewController.h; sourceTree = "<group>"; };
		0253B61514B6A2C90075DFCA /* PowderFavoritesEditViewController.m */ = {isa = PBXFileReference; fileEncoding = 4; lastKnownFileType = sourcecode.c.objc; name = PowderFavoritesEditViewController.m; path = Code/PowderFavoritesEditViewController.m; sourceTree = "<group>"; };
		0253B62114B6A9D20075DFCA /* Favorite.h */ = {isa = PBXFileReference; fileEncoding = 4; lastKnownFileType = sourcecode.c.h; name = Favorite.h; path = Code/Favorite.h; sourceTree = "<group>"; };
		0253B62214B6A9D20075DFCA /* Favorite.m */ = {isa = PBXFileReference; fileEncoding = 4; lastKnownFileType = sourcecode.c.objc; name = Favorite.m; path = Code/Favorite.m; sourceTree = "<group>"; };
		0253B62414B6AADF0075DFCA /* PowderMainViewController.h */ = {isa = PBXFileReference; fileEncoding = 4; lastKnownFileType = sourcecode.c.h; name = PowderMainViewController.h; path = Code/PowderMainViewController.h; sourceTree = "<group>"; };
		0253B62514B6AADF0075DFCA /* PowderMainViewController.m */ = {isa = PBXFileReference; fileEncoding = 4; lastKnownFileType = sourcecode.c.objc; name = PowderMainViewController.m; path = Code/PowderMainViewController.m; sourceTree = "<group>"; };
		0253B62614B6AADF0075DFCA /* PowderResortsViewController.h */ = {isa = PBXFileReference; fileEncoding = 4; lastKnownFileType = sourcecode.c.h; name = PowderResortsViewController.h; path = Code/PowderResortsViewController.h; sourceTree = "<group>"; };
		0253B62714B6AADF0075DFCA /* PowderResortsViewController.m */ = {isa = PBXFileReference; fileEncoding = 4; lastKnownFileType = sourcecode.c.objc; name = PowderResortsViewController.m; path = Code/PowderResortsViewController.m; sourceTree = "<group>"; };
		0253B62A14B6AAF70075DFCA /* main.m */ = {isa = PBXFileReference; fileEncoding = 4; lastKnownFileType = sourcecode.c.objc; name = main.m; path = Code/main.m; sourceTree = "<group>"; };
		0253B62B14B6AAF70075DFCA /* Powder-Prefix.pch */ = {isa = PBXFileReference; fileEncoding = 4; lastKnownFileType = sourcecode.c.h; name = "Powder-Prefix.pch"; path = "Code/Powder-Prefix.pch"; sourceTree = "<group>"; };
		0253B62D14B6AB020075DFCA /* PowderAppDelegate.h */ = {isa = PBXFileReference; fileEncoding = 4; lastKnownFileType = sourcecode.c.h; name = PowderAppDelegate.h; path = Code/PowderAppDelegate.h; sourceTree = "<group>"; };
		0253B62E14B6AB020075DFCA /* PowderAppDelegate.m */ = {isa = PBXFileReference; fileEncoding = 4; lastKnownFileType = sourcecode.c.objc; name = PowderAppDelegate.m; path = Code/PowderAppDelegate.m; sourceTree = "<group>"; };
		0253B63114B6AB330075DFCA /* favorites.json */ = {isa = PBXFileReference; fileEncoding = 4; lastKnownFileType = text.json; name = favorites.json; path = Assets/favorites.json; sourceTree = "<group>"; };
		0253B63214B6AB330075DFCA /* resorts.json */ = {isa = PBXFileReference; fileEncoding = 4; lastKnownFileType = text.json; name = resorts.json; path = Assets/resorts.json; sourceTree = "<group>"; };
		026632F014A403050069657C /* Powder.app */ = {isa = PBXFileReference; explicitFileType = wrapper.application; includeInIndex = 0; path = Powder.app; sourceTree = BUILT_PRODUCTS_DIR; };
		026632F414A403050069657C /* UIKit.framework */ = {isa = PBXFileReference; lastKnownFileType = wrapper.framework; name = UIKit.framework; path = System/Library/Frameworks/UIKit.framework; sourceTree = SDKROOT; };
		026632F614A403050069657C /* Foundation.framework */ = {isa = PBXFileReference; lastKnownFileType = wrapper.framework; name = Foundation.framework; path = System/Library/Frameworks/Foundation.framework; sourceTree = SDKROOT; };
		026632F814A403050069657C /* CoreGraphics.framework */ = {isa = PBXFileReference; lastKnownFileType = wrapper.framework; name = CoreGraphics.framework; path = System/Library/Frameworks/CoreGraphics.framework; sourceTree = SDKROOT; };
		026632FC14A403050069657C /* Powder-Info.plist */ = {isa = PBXFileReference; lastKnownFileType = text.plist.xml; path = "Powder-Info.plist"; sourceTree = "<group>"; };
		026632FE14A403050069657C /* en */ = {isa = PBXFileReference; lastKnownFileType = text.plist.strings; name = en; path = en.lproj/InfoPlist.strings; sourceTree = "<group>"; };
		0266330714A403050069657C /* en */ = {isa = PBXFileReference; lastKnownFileType = file.storyboard; name = en; path = en.lproj/MainStoryboard_iPhone.storyboard; sourceTree = "<group>"; };
		0266330A14A403050069657C /* en */ = {isa = PBXFileReference; lastKnownFileType = file.storyboard; name = en; path = en.lproj/MainStoryboard_iPad.storyboard; sourceTree = "<group>"; };
		027DE89D14AA61C80070F022 /* FavoriteResortTableViewCell.h */ = {isa = PBXFileReference; fileEncoding = 4; lastKnownFileType = sourcecode.c.h; name = FavoriteResortTableViewCell.h; path = Code/FavoriteResortTableViewCell.h; sourceTree = "<group>"; };
		027DE89E14AA61C80070F022 /* FavoriteResortTableViewCell.m */ = {isa = PBXFileReference; fileEncoding = 4; lastKnownFileType = sourcecode.c.objc; name = FavoriteResortTableViewCell.m; path = Code/FavoriteResortTableViewCell.m; sourceTree = "<group>"; };
		029071F614B2450F00549D55 /* PowderAPI.h */ = {isa = PBXFileReference; fileEncoding = 4; lastKnownFileType = sourcecode.c.h; name = PowderAPI.h; path = Code/PowderAPI.h; sourceTree = "<group>"; };
		029071F714B2450F00549D55 /* PowderAPI.m */ = {isa = PBXFileReference; fileEncoding = 4; lastKnownFileType = sourcecode.c.objc; name = PowderAPI.m; path = Code/PowderAPI.m; sourceTree = "<group>"; };
		02C2AAA714C3F6AF00242F9E /* StretchingStatusView.h */ = {isa = PBXFileReference; fileEncoding = 4; lastKnownFileType = sourcecode.c.h; name = StretchingStatusView.h; path = Code/StretchingStatusView.h; sourceTree = "<group>"; };
		02C2AAA814C3F6AF00242F9E /* StretchingStatusView.m */ = {isa = PBXFileReference; fileEncoding = 4; lastKnownFileType = sourcecode.c.objc; name = StretchingStatusView.m; path = Code/StretchingStatusView.m; sourceTree = "<group>"; };
		02C2AAAB14C3FDC500242F9E /* ResortConditionsView.h */ = {isa = PBXFileReference; fileEncoding = 4; lastKnownFileType = sourcecode.c.h; path = ResortConditionsView.h; sourceTree = "<group>"; };
		02C2AAAC14C3FDC500242F9E /* ResortConditionsView.m */ = {isa = PBXFileReference; fileEncoding = 4; lastKnownFileType = sourcecode.c.objc; path = ResortConditionsView.m; sourceTree = "<group>"; };
		02DA3AC414ABB7DF00C49DB9 /* Resort.h */ = {isa = PBXFileReference; fileEncoding = 4; lastKnownFileType = sourcecode.c.h; name = Resort.h; path = Code/Resort.h; sourceTree = "<group>"; };
		02DA3AC514ABB7DF00C49DB9 /* Resort.m */ = {isa = PBXFileReference; fileEncoding = 4; lastKnownFileType = sourcecode.c.objc; name = Resort.m; path = Code/Resort.m; sourceTree = "<group>"; };
		02EF16E314C2789400A68E5F /* black-bubble@2x.png */ = {isa = PBXFileReference; lastKnownFileType = image.png; name = "black-bubble@2x.png"; path = "Assets/Images/black-bubble@2x.png"; sourceTree = "<group>"; };
		02EF16E414C2789400A68E5F /* green-bubble@2x.png */ = {isa = PBXFileReference; lastKnownFileType = image.png; name = "green-bubble@2x.png"; path = "Assets/Images/green-bubble@2x.png"; sourceTree = "<group>"; };
		02EF16E514C2789400A68E5F /* orange-bubble@2x.png */ = {isa = PBXFileReference; lastKnownFileType = image.png; name = "orange-bubble@2x.png"; path = "Assets/Images/orange-bubble@2x.png"; sourceTree = "<group>"; };
		02EF16E614C2789400A68E5F /* subtle-gradient@2x.png */ = {isa = PBXFileReference; lastKnownFileType = image.png; name = "subtle-gradient@2x.png"; path = "Assets/Images/subtle-gradient@2x.png"; sourceTree = "<group>"; };
		02EF16EC14C2831200A68E5F /* ResortOpenClosedView.h */ = {isa = PBXFileReference; fileEncoding = 4; lastKnownFileType = sourcecode.c.h; name = ResortOpenClosedView.h; path = Code/ResortOpenClosedView.h; sourceTree = "<group>"; };
		02EF16ED14C2831200A68E5F /* ResortOpenClosedView.m */ = {isa = PBXFileReference; fileEncoding = 4; lastKnownFileType = sourcecode.c.objc; name = ResortOpenClosedView.m; path = Code/ResortOpenClosedView.m; sourceTree = "<group>"; };
		02F91F5314C0F82900FF3059 /* NSObject+SBJson.h */ = {isa = PBXFileReference; fileEncoding = 4; lastKnownFileType = sourcecode.c.h; path = "NSObject+SBJson.h"; sourceTree = "<group>"; };
		02F91F5414C0F82900FF3059 /* NSObject+SBJson.m */ = {isa = PBXFileReference; fileEncoding = 4; lastKnownFileType = sourcecode.c.objc; path = "NSObject+SBJson.m"; sourceTree = "<group>"; };
		02F91F5514C0F82900FF3059 /* SBJson.h */ = {isa = PBXFileReference; fileEncoding = 4; lastKnownFileType = sourcecode.c.h; path = SBJson.h; sourceTree = "<group>"; };
		02F91F5614C0F82900FF3059 /* SBJsonParser.h */ = {isa = PBXFileReference; fileEncoding = 4; lastKnownFileType = sourcecode.c.h; path = SBJsonParser.h; sourceTree = "<group>"; };
		02F91F5714C0F82900FF3059 /* SBJsonParser.m */ = {isa = PBXFileReference; fileEncoding = 4; lastKnownFileType = sourcecode.c.objc; path = SBJsonParser.m; sourceTree = "<group>"; };
		02F91F5814C0F82900FF3059 /* SBJsonStreamParser.h */ = {isa = PBXFileReference; fileEncoding = 4; lastKnownFileType = sourcecode.c.h; path = SBJsonStreamParser.h; sourceTree = "<group>"; };
		02F91F5914C0F82900FF3059 /* SBJsonStreamParser.m */ = {isa = PBXFileReference; fileEncoding = 4; lastKnownFileType = sourcecode.c.objc; path = SBJsonStreamParser.m; sourceTree = "<group>"; };
		02F91F5A14C0F82900FF3059 /* SBJsonStreamParserAccumulator.h */ = {isa = PBXFileReference; fileEncoding = 4; lastKnownFileType = sourcecode.c.h; path = SBJsonStreamParserAccumulator.h; sourceTree = "<group>"; };
		02F91F5B14C0F82900FF3059 /* SBJsonStreamParserAccumulator.m */ = {isa = PBXFileReference; fileEncoding = 4; lastKnownFileType = sourcecode.c.objc; path = SBJsonStreamParserAccumulator.m; sourceTree = "<group>"; };
		02F91F5C14C0F82900FF3059 /* SBJsonStreamParserAdapter.h */ = {isa = PBXFileReference; fileEncoding = 4; lastKnownFileType = sourcecode.c.h; path = SBJsonStreamParserAdapter.h; sourceTree = "<group>"; };
		02F91F5D14C0F82900FF3059 /* SBJsonStreamParserAdapter.m */ = {isa = PBXFileReference; fileEncoding = 4; lastKnownFileType = sourcecode.c.objc; path = SBJsonStreamParserAdapter.m; sourceTree = "<group>"; };
		02F91F5E14C0F82900FF3059 /* SBJsonStreamParserState.h */ = {isa = PBXFileReference; fileEncoding = 4; lastKnownFileType = sourcecode.c.h; path = SBJsonStreamParserState.h; sourceTree = "<group>"; };
		02F91F5F14C0F82900FF3059 /* SBJsonStreamParserState.m */ = {isa = PBXFileReference; fileEncoding = 4; lastKnownFileType = sourcecode.c.objc; path = SBJsonStreamParserState.m; sourceTree = "<group>"; };
		02F91F6014C0F82900FF3059 /* SBJsonStreamWriter.h */ = {isa = PBXFileReference; fileEncoding = 4; lastKnownFileType = sourcecode.c.h; path = SBJsonStreamWriter.h; sourceTree = "<group>"; };
		02F91F6114C0F82900FF3059 /* SBJsonStreamWriter.m */ = {isa = PBXFileReference; fileEncoding = 4; lastKnownFileType = sourcecode.c.objc; path = SBJsonStreamWriter.m; sourceTree = "<group>"; };
		02F91F6214C0F82900FF3059 /* SBJsonStreamWriterAccumulator.h */ = {isa = PBXFileReference; fileEncoding = 4; lastKnownFileType = sourcecode.c.h; path = SBJsonStreamWriterAccumulator.h; sourceTree = "<group>"; };
		02F91F6314C0F82900FF3059 /* SBJsonStreamWriterAccumulator.m */ = {isa = PBXFileReference; fileEncoding = 4; lastKnownFileType = sourcecode.c.objc; path = SBJsonStreamWriterAccumulator.m; sourceTree = "<group>"; };
		02F91F6414C0F82900FF3059 /* SBJsonStreamWriterState.h */ = {isa = PBXFileReference; fileEncoding = 4; lastKnownFileType = sourcecode.c.h; path = SBJsonStreamWriterState.h; sourceTree = "<group>"; };
		02F91F6514C0F82900FF3059 /* SBJsonStreamWriterState.m */ = {isa = PBXFileReference; fileEncoding = 4; lastKnownFileType = sourcecode.c.objc; path = SBJsonStreamWriterState.m; sourceTree = "<group>"; };
		02F91F6614C0F82900FF3059 /* SBJsonTokeniser.h */ = {isa = PBXFileReference; fileEncoding = 4; lastKnownFileType = sourcecode.c.h; path = SBJsonTokeniser.h; sourceTree = "<group>"; };
		02F91F6714C0F82900FF3059 /* SBJsonTokeniser.m */ = {isa = PBXFileReference; fileEncoding = 4; lastKnownFileType = sourcecode.c.objc; path = SBJsonTokeniser.m; sourceTree = "<group>"; };
		02F91F6814C0F82900FF3059 /* SBJsonUTF8Stream.h */ = {isa = PBXFileReference; fileEncoding = 4; lastKnownFileType = sourcecode.c.h; path = SBJsonUTF8Stream.h; sourceTree = "<group>"; };
		02F91F6914C0F82900FF3059 /* SBJsonUTF8Stream.m */ = {isa = PBXFileReference; fileEncoding = 4; lastKnownFileType = sourcecode.c.objc; path = SBJsonUTF8Stream.m; sourceTree = "<group>"; };
		02F91F6A14C0F82900FF3059 /* SBJsonWriter.h */ = {isa = PBXFileReference; fileEncoding = 4; lastKnownFileType = sourcecode.c.h; path = SBJsonWriter.h; sourceTree = "<group>"; };
		02F91F6B14C0F82900FF3059 /* SBJsonWriter.m */ = {isa = PBXFileReference; fileEncoding = 4; lastKnownFileType = sourcecode.c.objc; path = SBJsonWriter.m; sourceTree = "<group>"; };
		02F91F8B14C10EE400FF3059 /* subtle-gradient.png */ = {isa = PBXFileReference; lastKnownFileType = image.png; name = "subtle-gradient.png"; path = "Assets/Images/subtle-gradient.png"; sourceTree = "<group>"; };
		02F91F8C14C10EE400FF3059 /* orange-bubble.png */ = {isa = PBXFileReference; lastKnownFileType = image.png; name = "orange-bubble.png"; path = "Assets/Images/orange-bubble.png"; sourceTree = "<group>"; };
		02F91F8D14C10EE400FF3059 /* green-bubble.png */ = {isa = PBXFileReference; lastKnownFileType = image.png; name = "green-bubble.png"; path = "Assets/Images/green-bubble.png"; sourceTree = "<group>"; };
		02F91F8E14C10EE400FF3059 /* black-bubble.png */ = {isa = PBXFileReference; lastKnownFileType = image.png; name = "black-bubble.png"; path = "Assets/Images/black-bubble.png"; sourceTree = "<group>"; };
/* End PBXFileReference section */

/* Begin PBXFrameworksBuildPhase section */
		026632ED14A403050069657C /* Frameworks */ = {
			isa = PBXFrameworksBuildPhase;
			buildActionMask = 2147483647;
			files = (
				026632F514A403050069657C /* UIKit.framework in Frameworks */,
				026632F714A403050069657C /* Foundation.framework in Frameworks */,
				026632F914A403050069657C /* CoreGraphics.framework in Frameworks */,
			);
			runOnlyForDeploymentPostprocessing = 0;
		};
/* End PBXFrameworksBuildPhase section */

/* Begin PBXGroup section */
		0253B63014B6AB1C0075DFCA /* Data Files */ = {
			isa = PBXGroup;
			children = (
				0253B63114B6AB330075DFCA /* favorites.json */,
				0253B63214B6AB330075DFCA /* resorts.json */,
			);
			name = "Data Files";
			sourceTree = "<group>";
		};
		026632E514A403050069657C = {
			isa = PBXGroup;
			children = (
				026632FA14A403050069657C /* Powder */,
				026632F314A403050069657C /* Frameworks */,
				026632F114A403050069657C /* Products */,
			);
			sourceTree = "<group>";
		};
		026632F114A403050069657C /* Products */ = {
			isa = PBXGroup;
			children = (
				026632F014A403050069657C /* Powder.app */,
			);
			name = Products;
			sourceTree = "<group>";
		};
		026632F314A403050069657C /* Frameworks */ = {
			isa = PBXGroup;
			children = (
				026632F414A403050069657C /* UIKit.framework */,
				026632F614A403050069657C /* Foundation.framework */,
				026632F814A403050069657C /* CoreGraphics.framework */,
			);
			name = Frameworks;
			sourceTree = "<group>";
		};
		026632FA14A403050069657C /* Powder */ = {
			isa = PBXGroup;
			children = (
				02DA3AC314ABB77400C49DB9 /* Models */,
				02DA3AC014ABB00200C49DB9 /* Views */,
				027DE89B14AA5E1C0070F022 /* View Controllers */,
				0266330614A403050069657C /* MainStoryboard_iPhone.storyboard */,
				0266330914A403050069657C /* MainStoryboard_iPad.storyboard */,
				029071F614B2450F00549D55 /* PowderAPI.h */,
				029071F714B2450F00549D55 /* PowderAPI.m */,
				026632FB14A403050069657C /* Supporting Files */,
				02F91F8914C10EBB00FF3059 /* Images */,
				0253B63014B6AB1C0075DFCA /* Data Files */,
				02F91F5214C0F82900FF3059 /* json-framework */,
			);
			path = Powder;
			sourceTree = "<group>";
		};
		026632FB14A403050069657C /* Supporting Files */ = {
			isa = PBXGroup;
			children = (
				0253B62D14B6AB020075DFCA /* PowderAppDelegate.h */,
				0253B62E14B6AB020075DFCA /* PowderAppDelegate.m */,
				0253B62A14B6AAF70075DFCA /* main.m */,
				0253B62B14B6AAF70075DFCA /* Powder-Prefix.pch */,
				026632FC14A403050069657C /* Powder-Info.plist */,
				026632FD14A403050069657C /* InfoPlist.strings */,
			);
			name = "Supporting Files";
			sourceTree = "<group>";
		};
		027DE89B14AA5E1C0070F022 /* View Controllers */ = {
			isa = PBXGroup;
			children = (
				0253B62414B6AADF0075DFCA /* PowderMainViewController.h */,
				0253B62514B6AADF0075DFCA /* PowderMainViewController.m */,
				0253B62614B6AADF0075DFCA /* PowderResortsViewController.h */,
				0253B62714B6AADF0075DFCA /* PowderResortsViewController.m */,
				0253B61414B6A2C90075DFCA /* PowderFavoritesEditViewController.h */,
				0253B61514B6A2C90075DFCA /* PowderFavoritesEditViewController.m */,
			);
			name = "View Controllers";
			sourceTree = "<group>";
		};
		029ABEC814C4AAAB0091E87E /* Status Views */ = {
			isa = PBXGroup;
			children = (
				02EF16EC14C2831200A68E5F /* ResortOpenClosedView.h */,
				02EF16ED14C2831200A68E5F /* ResortOpenClosedView.m */,
				02C2AAA714C3F6AF00242F9E /* StretchingStatusView.h */,
				02C2AAA814C3F6AF00242F9E /* StretchingStatusView.m */,
				02C2AAAB14C3FDC500242F9E /* ResortConditionsView.h */,
				02C2AAAC14C3FDC500242F9E /* ResortConditionsView.m */,
			);
			name = "Status Views";
			sourceTree = "<group>";
		};
		02DA3AC014ABB00200C49DB9 /* Views */ = {
			isa = PBXGroup;
			children = (
				029ABEC814C4AAAB0091E87E /* Status Views */,
				02DA3AC214ABB01200C49DB9 /* Table View Cells */,
			);
			name = Views;
			sourceTree = "<group>";
		};
		02DA3AC214ABB01200C49DB9 /* Table View Cells */ = {
			isa = PBXGroup;
			children = (
				027DE89D14AA61C80070F022 /* FavoriteResortTableViewCell.h */,
				027DE89E14AA61C80070F022 /* FavoriteResortTableViewCell.m */,
			);
			name = "Table View Cells";
			sourceTree = "<group>";
		};
		02DA3AC314ABB77400C49DB9 /* Models */ = {
			isa = PBXGroup;
			children = (
				02DA3AC414ABB7DF00C49DB9 /* Resort.h */,
				02DA3AC514ABB7DF00C49DB9 /* Resort.m */,
				0253B62114B6A9D20075DFCA /* Favorite.h */,
				0253B62214B6A9D20075DFCA /* Favorite.m */,
			);
			name = Models;
			sourceTree = "<group>";
		};
		02F91F5214C0F82900FF3059 /* json-framework */ = {
			isa = PBXGroup;
			children = (
				02F91F5314C0F82900FF3059 /* NSObject+SBJson.h */,
				02F91F5414C0F82900FF3059 /* NSObject+SBJson.m */,
				02F91F5514C0F82900FF3059 /* SBJson.h */,
				02F91F5614C0F82900FF3059 /* SBJsonParser.h */,
				02F91F5714C0F82900FF3059 /* SBJsonParser.m */,
				02F91F5814C0F82900FF3059 /* SBJsonStreamParser.h */,
				02F91F5914C0F82900FF3059 /* SBJsonStreamParser.m */,
				02F91F5A14C0F82900FF3059 /* SBJsonStreamParserAccumulator.h */,
				02F91F5B14C0F82900FF3059 /* SBJsonStreamParserAccumulator.m */,
				02F91F5C14C0F82900FF3059 /* SBJsonStreamParserAdapter.h */,
				02F91F5D14C0F82900FF3059 /* SBJsonStreamParserAdapter.m */,
				02F91F5E14C0F82900FF3059 /* SBJsonStreamParserState.h */,
				02F91F5F14C0F82900FF3059 /* SBJsonStreamParserState.m */,
				02F91F6014C0F82900FF3059 /* SBJsonStreamWriter.h */,
				02F91F6114C0F82900FF3059 /* SBJsonStreamWriter.m */,
				02F91F6214C0F82900FF3059 /* SBJsonStreamWriterAccumulator.h */,
				02F91F6314C0F82900FF3059 /* SBJsonStreamWriterAccumulator.m */,
				02F91F6414C0F82900FF3059 /* SBJsonStreamWriterState.h */,
				02F91F6514C0F82900FF3059 /* SBJsonStreamWriterState.m */,
				02F91F6614C0F82900FF3059 /* SBJsonTokeniser.h */,
				02F91F6714C0F82900FF3059 /* SBJsonTokeniser.m */,
				02F91F6814C0F82900FF3059 /* SBJsonUTF8Stream.h */,
				02F91F6914C0F82900FF3059 /* SBJsonUTF8Stream.m */,
				02F91F6A14C0F82900FF3059 /* SBJsonWriter.h */,
				02F91F6B14C0F82900FF3059 /* SBJsonWriter.m */,
			);
			name = "json-framework";
			path = "Third Party/json-framework";
			sourceTree = "<group>";
		};
		02F91F8914C10EBB00FF3059 /* Images */ = {
			isa = PBXGroup;
			children = (
				02EF16E314C2789400A68E5F /* black-bubble@2x.png */,
				02EF16E414C2789400A68E5F /* green-bubble@2x.png */,
				02EF16E514C2789400A68E5F /* orange-bubble@2x.png */,
				02EF16E614C2789400A68E5F /* subtle-gradient@2x.png */,
				02F91F8B14C10EE400FF3059 /* subtle-gradient.png */,
				02F91F8C14C10EE400FF3059 /* orange-bubble.png */,
				02F91F8D14C10EE400FF3059 /* green-bubble.png */,
				02F91F8E14C10EE400FF3059 /* black-bubble.png */,
			);
			name = Images;
			sourceTree = "<group>";
		};
/* End PBXGroup section */

/* Begin PBXNativeTarget section */
		026632EF14A403050069657C /* Powder */ = {
			isa = PBXNativeTarget;
			buildConfigurationList = 0266331414A403050069657C /* Build configuration list for PBXNativeTarget "Powder" */;
			buildPhases = (
				026632EC14A403050069657C /* Sources */,
				026632ED14A403050069657C /* Frameworks */,
				026632EE14A403050069657C /* Resources */,
			);
			buildRules = (
			);
			dependencies = (
			);
			name = Powder;
			productName = Powder;
			productReference = 026632F014A403050069657C /* Powder.app */;
			productType = "com.apple.product-type.application";
		};
/* End PBXNativeTarget section */

/* Begin PBXProject section */
		026632E714A403050069657C /* Project object */ = {
			isa = PBXProject;
			attributes = {
				LastUpgradeCheck = 0420;
				ORGANIZATIONNAME = "Imulus, LLC";
			};
			buildConfigurationList = 026632EA14A403050069657C /* Build configuration list for PBXProject "Powder" */;
			compatibilityVersion = "Xcode 3.2";
			developmentRegion = English;
			hasScannedForEncodings = 0;
			knownRegions = (
				en,
			);
			mainGroup = 026632E514A403050069657C;
			productRefGroup = 026632F114A403050069657C /* Products */;
			projectDirPath = "";
			projectRoot = "";
			targets = (
				026632EF14A403050069657C /* Powder */,
			);
		};
/* End PBXProject section */

/* Begin PBXResourcesBuildPhase section */
		026632EE14A403050069657C /* Resources */ = {
			isa = PBXResourcesBuildPhase;
			buildActionMask = 2147483647;
			files = (
				026632FF14A403050069657C /* InfoPlist.strings in Resources */,
				0266330814A403050069657C /* MainStoryboard_iPhone.storyboard in Resources */,
				0266330B14A403050069657C /* MainStoryboard_iPad.storyboard in Resources */,
				0253B63314B6AB330075DFCA /* favorites.json in Resources */,
				0253B63414B6AB330075DFCA /* resorts.json in Resources */,
				02F91F8F14C10EE400FF3059 /* subtle-gradient.png in Resources */,
				02F91F9014C10EE400FF3059 /* orange-bubble.png in Resources */,
				02F91F9114C10EE400FF3059 /* green-bubble.png in Resources */,
				02F91F9214C10EE400FF3059 /* black-bubble.png in Resources */,
				02EF16E714C2789400A68E5F /* black-bubble@2x.png in Resources */,
				02EF16E814C2789400A68E5F /* green-bubble@2x.png in Resources */,
				02EF16E914C2789400A68E5F /* orange-bubble@2x.png in Resources */,
				02EF16EA14C2789400A68E5F /* subtle-gradient@2x.png in Resources */,
			);
			runOnlyForDeploymentPostprocessing = 0;
		};
/* End PBXResourcesBuildPhase section */

/* Begin PBXSourcesBuildPhase section */
		026632EC14A403050069657C /* Sources */ = {
			isa = PBXSourcesBuildPhase;
			buildActionMask = 2147483647;
			files = (
				027DE89F14AA61C80070F022 /* FavoriteResortTableViewCell.m in Sources */,
				02DA3AC614ABB7DF00C49DB9 /* Resort.m in Sources */,
				029071F814B2450F00549D55 /* PowderAPI.m in Sources */,
				0253B61614B6A2C90075DFCA /* PowderFavoritesEditViewController.m in Sources */,
				0253B62314B6A9D20075DFCA /* Favorite.m in Sources */,
				0253B62814B6AADF0075DFCA /* PowderMainViewController.m in Sources */,
				0253B62914B6AADF0075DFCA /* PowderResortsViewController.m in Sources */,
				0253B62C14B6AAF70075DFCA /* main.m in Sources */,
				0253B62F14B6AB020075DFCA /* PowderAppDelegate.m in Sources */,
				02F91F6C14C0F82900FF3059 /* NSObject+SBJson.m in Sources */,
				02F91F6D14C0F82900FF3059 /* SBJsonParser.m in Sources */,
				02F91F6E14C0F82900FF3059 /* SBJsonStreamParser.m in Sources */,
				02F91F6F14C0F82900FF3059 /* SBJsonStreamParserAccumulator.m in Sources */,
				02F91F7014C0F82900FF3059 /* SBJsonStreamParserAdapter.m in Sources */,
				02F91F7114C0F82900FF3059 /* SBJsonStreamParserState.m in Sources */,
				02F91F7214C0F82900FF3059 /* SBJsonStreamWriter.m in Sources */,
				02F91F7314C0F82900FF3059 /* SBJsonStreamWriterAccumulator.m in Sources */,
				02F91F7414C0F82900FF3059 /* SBJsonStreamWriterState.m in Sources */,
				02F91F7514C0F82900FF3059 /* SBJsonTokeniser.m in Sources */,
				02F91F7614C0F82900FF3059 /* SBJsonUTF8Stream.m in Sources */,
				02F91F7714C0F82900FF3059 /* SBJsonWriter.m in Sources */,
				02EF16EE14C2831200A68E5F /* ResortOpenClosedView.m in Sources */,
				02C2AAA914C3F6AF00242F9E /* StretchingStatusView.m in Sources */,
				02C2AAAD14C3FDC500242F9E /* ResortConditionsView.m in Sources */,
			);
			runOnlyForDeploymentPostprocessing = 0;
		};
/* End PBXSourcesBuildPhase section */

/* Begin PBXVariantGroup section */
		026632FD14A403050069657C /* InfoPlist.strings */ = {
			isa = PBXVariantGroup;
			children = (
				026632FE14A403050069657C /* en */,
			);
			name = InfoPlist.strings;
			sourceTree = "<group>";
		};
		0266330614A403050069657C /* MainStoryboard_iPhone.storyboard */ = {
			isa = PBXVariantGroup;
			children = (
				0266330714A403050069657C /* en */,
			);
			name = MainStoryboard_iPhone.storyboard;
			sourceTree = "<group>";
		};
		0266330914A403050069657C /* MainStoryboard_iPad.storyboard */ = {
			isa = PBXVariantGroup;
			children = (
				0266330A14A403050069657C /* en */,
			);
			name = MainStoryboard_iPad.storyboard;
			sourceTree = "<group>";
		};
/* End PBXVariantGroup section */

/* Begin XCBuildConfiguration section */
		0266331214A403050069657C /* Debug */ = {
			isa = XCBuildConfiguration;
			buildSettings = {
				ALWAYS_SEARCH_USER_PATHS = NO;
				ARCHS = "$(ARCHS_STANDARD_32_BIT)";
				CLANG_ENABLE_OBJC_ARC = YES;
				"CODE_SIGN_IDENTITY[sdk=iphoneos*]" = "iPhone Developer";
				COPY_PHASE_STRIP = NO;
				GCC_C_LANGUAGE_STANDARD = gnu99;
				GCC_DYNAMIC_NO_PIC = NO;
				GCC_OPTIMIZATION_LEVEL = 0;
				GCC_PREPROCESSOR_DEFINITIONS = (
					"DEBUG=1",
					"$(inherited)",
				);
				GCC_SYMBOLS_PRIVATE_EXTERN = NO;
				GCC_VERSION = com.apple.compilers.llvm.clang.1_0;
				GCC_WARN_ABOUT_MISSING_PROTOTYPES = YES;
				GCC_WARN_ABOUT_RETURN_TYPE = YES;
				GCC_WARN_UNUSED_VARIABLE = YES;
				IPHONEOS_DEPLOYMENT_TARGET = 5.0;
				SDKROOT = iphoneos;
				TARGETED_DEVICE_FAMILY = "1,2";
			};
			name = Debug;
		};
		0266331314A403050069657C /* Release */ = {
			isa = XCBuildConfiguration;
			buildSettings = {
				ALWAYS_SEARCH_USER_PATHS = NO;
				ARCHS = "$(ARCHS_STANDARD_32_BIT)";
				CLANG_ENABLE_OBJC_ARC = YES;
				"CODE_SIGN_IDENTITY[sdk=iphoneos*]" = "iPhone Developer";
				COPY_PHASE_STRIP = YES;
				GCC_C_LANGUAGE_STANDARD = gnu99;
				GCC_VERSION = com.apple.compilers.llvm.clang.1_0;
				GCC_WARN_ABOUT_MISSING_PROTOTYPES = YES;
				GCC_WARN_ABOUT_RETURN_TYPE = YES;
				GCC_WARN_UNUSED_VARIABLE = YES;
				IPHONEOS_DEPLOYMENT_TARGET = 5.0;
				OTHER_CFLAGS = "-DNS_BLOCK_ASSERTIONS=1";
				SDKROOT = iphoneos;
				TARGETED_DEVICE_FAMILY = "1,2";
				VALIDATE_PRODUCT = YES;
			};
			name = Release;
		};
		0266331514A403050069657C /* Debug */ = {
			isa = XCBuildConfiguration;
			buildSettings = {
				GCC_PRECOMPILE_PREFIX_HEADER = YES;
				GCC_PREFIX_HEADER = "Powder/Code/Powder-Prefix.pch";
				INFOPLIST_FILE = "Powder/Powder-Info.plist";
				PRODUCT_NAME = "$(TARGET_NAME)";
				WRAPPER_EXTENSION = app;
			};
			name = Debug;
		};
		0266331614A403050069657C /* Release */ = {
			isa = XCBuildConfiguration;
			buildSettings = {
				GCC_PRECOMPILE_PREFIX_HEADER = YES;
				GCC_PREFIX_HEADER = "Powder/Code/Powder-Prefix.pch";
				INFOPLIST_FILE = "Powder/Powder-Info.plist";
				PRODUCT_NAME = "$(TARGET_NAME)";
				WRAPPER_EXTENSION = app;
			};
			name = Release;
		};
/* End XCBuildConfiguration section */

/* Begin XCConfigurationList section */
		026632EA14A403050069657C /* Build configuration list for PBXProject "Powder" */ = {
			isa = XCConfigurationList;
			buildConfigurations = (
				0266331214A403050069657C /* Debug */,
				0266331314A403050069657C /* Release */,
			);
			defaultConfigurationIsVisible = 0;
			defaultConfigurationName = Release;
		};
		0266331414A403050069657C /* Build configuration list for PBXNativeTarget "Powder" */ = {
			isa = XCConfigurationList;
			buildConfigurations = (
				0266331514A403050069657C /* Debug */,
				0266331614A403050069657C /* Release */,
			);
			defaultConfigurationIsVisible = 0;
			defaultConfigurationName = Release;
		};
/* End XCConfigurationList section */
	};
	rootObject = 026632E714A403050069657C /* Project object */;
}
